
Microsoft Visual Studio Solution File, Format Version 12.00
# Visual Studio Version 17
VisualStudioVersion = 17.7.34031.279
MinimumVisualStudioVersion = 10.0.40219.1
Project("{9A19103F-16F7-4668-BE54-9A1E7A4F7556}") = "SendEmailProject", "IndraAvitech\SendEmailProject.csproj", "{171242F5-6E56-41B1-9E1F-88CA32661DAE}"
EndProject
Global
	GlobalSection(SolutionConfigurationPlatforms) = preSolution
		Debug|Any CPU = Debug|Any CPU
		Release|Any CPU = Release|Any CPU
	EndGlobalSection
	GlobalSection(ProjectConfigurationPlatforms) = postSolution
		{171242F5-6E56-41B1-9E1F-88CA32661DAE}.Debug|Any CPU.ActiveCfg = Debug|Any CPU
		{171242F5-6E56-41B1-9E1F-88CA32661DAE}.Debug|Any CPU.Build.0 = Debug|Any CPU
		{171242F5-6E56-41B1-9E1F-88CA32661DAE}.Release|Any CPU.ActiveCfg = Release|Any CPU
		{171242F5-6E56-41B1-9E1F-88CA32661DAE}.Release|Any CPU.Build.0 = Release|Any CPU
	EndGlobalSection
	GlobalSection(SolutionProperties) = preSolution
		HideSolutionNode = FALSE
	EndGlobalSection
	GlobalSection(ExtensibilityGlobals) = postSolution
		SolutionGuid = {B030AC5D-DEF3-4503-89B1-4C0546C22C8F}
	EndGlobalSection
EndGlobal
